
Microsoft Visual Studio Solution File, Format Version 12.00
# Visual Studio Version 16
VisualStudioVersion = 16.0.30804.86
MinimumVisualStudioVersion = 10.0.40219.1
Project("{FAE04EC0-301F-11D3-BF4B-00C04F79EFBC}") = "Assignment 1 Login System", "Assignment 1 Login System\Assignment 1 Login System.csproj", "{D06F659D-8F1A-490D-A995-F408745C1C67}"
EndProject
Global
	GlobalSection(SolutionConfigurationPlatforms) = preSolution
		Debug|Any CPU = Debug|Any CPU
		Release|Any CPU = Release|Any CPU
	EndGlobalSection
	GlobalSection(ProjectConfigurationPlatforms) = postSolution
		{D06F659D-8F1A-490D-A995-F408745C1C67}.Debug|Any CPU.ActiveCfg = Debug|Any CPU
		{D06F659D-8F1A-490D-A995-F408745C1C67}.Debug|Any CPU.Build.0 = Debug|Any CPU
		{D06F659D-8F1A-490D-A995-F408745C1C67}.Release|Any CPU.ActiveCfg = Release|Any CPU
		{D06F659D-8F1A-490D-A995-F408745C1C67}.Release|Any CPU.Build.0 = Release|Any CPU
	EndGlobalSection
	GlobalSection(SolutionProperties) = preSolution
		HideSolutionNode = FALSE
	EndGlobalSection
	GlobalSection(ExtensibilityGlobals) = postSolution
		SolutionGuid = {2070402C-6D6F-4134-A173-52ECD99A058A}
	EndGlobalSection
EndGlobal
